
Microsoft Visual Studio Solution File, Format Version 12.00
# Visual Studio Version 17
VisualStudioVersion = 17.4.33027.239
MinimumVisualStudioVersion = 10.0.40219.1
Project("{FAE04EC0-301F-11D3-BF4B-00C04F79EFBC}") = "Blazor-for-github-pages", "Blazor-for-github-pages\Blazor-for-github-pages.csproj", "{356C986B-6FDE-4101-9D3D-713E524F5735}"
EndProject
Global
	GlobalSection(SolutionConfigurationPlatforms) = preSolution
		Debug|Any CPU = Debug|Any CPU
		Release|Any CPU = Release|Any CPU
	EndGlobalSection
	GlobalSection(ProjectConfigurationPlatforms) = postSolution
		{356C986B-6FDE-4101-9D3D-713E524F5735}.Debug|Any CPU.ActiveCfg = Debug|Any CPU
		{356C986B-6FDE-4101-9D3D-713E524F5735}.Debug|Any CPU.Build.0 = Debug|Any CPU
		{356C986B-6FDE-4101-9D3D-713E524F5735}.Release|Any CPU.ActiveCfg = Release|Any CPU
		{356C986B-6FDE-4101-9D3D-713E524F5735}.Release|Any CPU.Build.0 = Release|Any CPU
	EndGlobalSection
	GlobalSection(SolutionProperties) = preSolution
		HideSolutionNode = FALSE
	EndGlobalSection
	GlobalSection(ExtensibilityGlobals) = postSolution
		SolutionGuid = {0BFD5C8F-53C8-46E5-B9D4-CE04ED312DD2}
	EndGlobalSection
EndGlobal
